// !$*UTF8*$!
{
	archiveVersion = 1;
	classes = {
	};
	objectVersion = 46;
	objects = {

/* Begin PBXBuildFile section */
		B60CE9631DB68FED00817826 /* Eq_6.cpp in Sources */ = {isa = PBXBuildFile; fileRef = B60CE9611DB68FED00817826 /* Eq_6.cpp */; };
		B60CE9661DB6909900817826 /* Eq_7.cpp in Sources */ = {isa = PBXBuildFile; fileRef = B60CE9641DB6909900817826 /* Eq_7.cpp */; };
		B65B064F1DB53C5A008F4708 /* Surface_Pile.cpp in Sources */ = {isa = PBXBuildFile; fileRef = B65B064D1DB53C5A008F4708 /* Surface_Pile.cpp */; };
		B65B06521DB54041008F4708 /* Surface_Dupin_Cyclide.cpp in Sources */ = {isa = PBXBuildFile; fileRef = B65B06501DB54041008F4708 /* Surface_Dupin_Cyclide.cpp */; };
		B65B06551DB56500008F4708 /* Surface_Molecular.cpp in Sources */ = {isa = PBXBuildFile; fileRef = B65B06531DB56500008F4708 /* Surface_Molecular.cpp */; };
		B66CD1F61DA44CD70062A5EE /* Data.cpp in Sources */ = {isa = PBXBuildFile; fileRef = B66CD1D01DA44CD70062A5EE /* Data.cpp */; };
		B66CD1F71DA44CD70062A5EE /* Douglas_ADI.cpp in Sources */ = {isa = PBXBuildFile; fileRef = B66CD1D21DA44CD70062A5EE /* Douglas_ADI.cpp */; };
		B66CD1F81DA44CD70062A5EE /* Eq_0.cpp in Sources */ = {isa = PBXBuildFile; fileRef = B66CD1D41DA44CD70062A5EE /* Eq_0.cpp */; };
		B66CD1F91DA44CD70062A5EE /* Eq_1.cpp in Sources */ = {isa = PBXBuildFile; fileRef = B66CD1D61DA44CD70062A5EE /* Eq_1.cpp */; };
		B66CD1FA1DA44CD70062A5EE /* Eq_2.cpp in Sources */ = {isa = PBXBuildFile; fileRef = B66CD1D81DA44CD70062A5EE /* Eq_2.cpp */; };
		B66CD1FB1DA44CD70062A5EE /* Eq_3.cpp in Sources */ = {isa = PBXBuildFile; fileRef = B66CD1DA1DA44CD70062A5EE /* Eq_3.cpp */; };
		B66CD1FC1DA44CD70062A5EE /* Eq_4.cpp in Sources */ = {isa = PBXBuildFile; fileRef = B66CD1DC1DA44CD70062A5EE /* Eq_4.cpp */; };
		B66CD1FD1DA44CD70062A5EE /* Eq_5.cpp in Sources */ = {isa = PBXBuildFile; fileRef = B66CD1DE1DA44CD70062A5EE /* Eq_5.cpp */; };
		B66CD1FE1DA44CD70062A5EE /* Equation.cpp in Sources */ = {isa = PBXBuildFile; fileRef = B66CD1E01DA44CD70062A5EE /* Equation.cpp */; };
		B66CD1FF1DA44CD70062A5EE /* Intersections.cpp in Sources */ = {isa = PBXBuildFile; fileRef = B66CD1E21DA44CD70062A5EE /* Intersections.cpp */; };
		B66CD2001DA44CD70062A5EE /* LU.cpp in Sources */ = {isa = PBXBuildFile; fileRef = B66CD1E41DA44CD70062A5EE /* LU.cpp */; };
		B66CD2011DA44CD70062A5EE /* main.cpp in Sources */ = {isa = PBXBuildFile; fileRef = B66CD1E61DA44CD70062A5EE /* main.cpp */; };
		B66CD2021DA44CD70062A5EE /* Mesh.cpp in Sources */ = {isa = PBXBuildFile; fileRef = B66CD1E71DA44CD70062A5EE /* Mesh.cpp */; };
		B66CD2031DA44CD70062A5EE /* Surface_Cartesian.cpp in Sources */ = {isa = PBXBuildFile; fileRef = B66CD1EA1DA44CD70062A5EE /* Surface_Cartesian.cpp */; };
		B66CD2041DA44CD70062A5EE /* Surface_Cube.cpp in Sources */ = {isa = PBXBuildFile; fileRef = B66CD1EC1DA44CD70062A5EE /* Surface_Cube.cpp */; };
		B66CD2051DA44CD70062A5EE /* Surface_Ellipsoid.cpp in Sources */ = {isa = PBXBuildFile; fileRef = B66CD1EE1DA44CD70062A5EE /* Surface_Ellipsoid.cpp */; };
		B66CD2061DA44CD70062A5EE /* Surface_Heart.cpp in Sources */ = {isa = PBXBuildFile; fileRef = B66CD1F01DA44CD70062A5EE /* Surface_Heart.cpp */; };
		B66CD2071DA44CD70062A5EE /* Surface_Tanglecube.cpp in Sources */ = {isa = PBXBuildFile; fileRef = B66CD1F21DA44CD70062A5EE /* Surface_Tanglecube.cpp */; };
		B66CD2081DA44CD70062A5EE /* Surface_Torus.cpp in Sources */ = {isa = PBXBuildFile; fileRef = B66CD1F41DA44CD70062A5EE /* Surface_Torus.cpp */; };
		B6936BC81DBC2ACC0079A8D7 /* Surface_Cylinder.cpp in Sources */ = {isa = PBXBuildFile; fileRef = B6936BC61DBC2ACC0079A8D7 /* Surface_Cylinder.cpp */; };
		B6936BCB1DBC35F90079A8D7 /* Surface_Cone.cpp in Sources */ = {isa = PBXBuildFile; fileRef = B6936BC91DBC35F90079A8D7 /* Surface_Cone.cpp */; };
		B6EC68011E536B76004723A3 /* Beta_1.cpp in Sources */ = {isa = PBXBuildFile; fileRef = B6EC67FF1E536B76004723A3 /* Beta_1.cpp */; };
		B6F3515D1E96D92C00ABE3F8 /* Beta_2.cpp in Sources */ = {isa = PBXBuildFile; fileRef = B6F3515B1E96D92C00ABE3F8 /* Beta_2.cpp */; };
/* End PBXBuildFile section */

/* Begin PBXCopyFilesBuildPhase section */
		B6FEE51F1D89BCE600D31D5F /* CopyFiles */ = {
			isa = PBXCopyFilesBuildPhase;
			buildActionMask = 2147483647;
			dstPath = /usr/share/man/man1/;
			dstSubfolderSpec = 0;
			files = (
			);
			runOnlyForDeploymentPostprocessing = 1;
		};
/* End PBXCopyFilesBuildPhase section */

/* Begin PBXFileReference section */
		B60CE9611DB68FED00817826 /* Eq_6.cpp */ = {isa = PBXFileReference; fileEncoding = 4; lastKnownFileType = sourcecode.cpp.cpp; path = Eq_6.cpp; sourceTree = "<group>"; };
		B60CE9621DB68FED00817826 /* Eq_6.h */ = {isa = PBXFileReference; fileEncoding = 4; lastKnownFileType = sourcecode.c.h; path = Eq_6.h; sourceTree = "<group>"; };
		B60CE9641DB6909900817826 /* Eq_7.cpp */ = {isa = PBXFileReference; fileEncoding = 4; lastKnownFileType = sourcecode.cpp.cpp; path = Eq_7.cpp; sourceTree = "<group>"; };
		B60CE9651DB6909900817826 /* Eq_7.h */ = {isa = PBXFileReference; fileEncoding = 4; lastKnownFileType = sourcecode.c.h; path = Eq_7.h; sourceTree = "<group>"; };
		B65B064D1DB53C5A008F4708 /* Surface_Pile.cpp */ = {isa = PBXFileReference; fileEncoding = 4; lastKnownFileType = sourcecode.cpp.cpp; path = Surface_Pile.cpp; sourceTree = "<group>"; };
		B65B064E1DB53C5A008F4708 /* Surface_Pile.h */ = {isa = PBXFileReference; fileEncoding = 4; lastKnownFileType = sourcecode.c.h; path = Surface_Pile.h; sourceTree = "<group>"; };
		B65B06501DB54041008F4708 /* Surface_Dupin_Cyclide.cpp */ = {isa = PBXFileReference; fileEncoding = 4; lastKnownFileType = sourcecode.cpp.cpp; path = Surface_Dupin_Cyclide.cpp; sourceTree = "<group>"; };
		B65B06511DB54041008F4708 /* Surface_Dupin_Cyclide.h */ = {isa = PBXFileReference; fileEncoding = 4; lastKnownFileType = sourcecode.c.h; path = Surface_Dupin_Cyclide.h; sourceTree = "<group>"; };
		B65B06531DB56500008F4708 /* Surface_Molecular.cpp */ = {isa = PBXFileReference; fileEncoding = 4; lastKnownFileType = sourcecode.cpp.cpp; path = Surface_Molecular.cpp; sourceTree = "<group>"; };
		B65B06541DB56500008F4708 /* Surface_Molecular.h */ = {isa = PBXFileReference; fileEncoding = 4; lastKnownFileType = sourcecode.c.h; path = Surface_Molecular.h; sourceTree = "<group>"; };
		B66CD1CF1DA44CD70062A5EE /* Constant.h */ = {isa = PBXFileReference; fileEncoding = 4; lastKnownFileType = sourcecode.c.h; path = Constant.h; sourceTree = "<group>"; };
		B66CD1D01DA44CD70062A5EE /* Data.cpp */ = {isa = PBXFileReference; fileEncoding = 4; lastKnownFileType = sourcecode.cpp.cpp; path = Data.cpp; sourceTree = "<group>"; };
		B66CD1D11DA44CD70062A5EE /* Data.h */ = {isa = PBXFileReference; fileEncoding = 4; lastKnownFileType = sourcecode.c.h; path = Data.h; sourceTree = "<group>"; };
		B66CD1D21DA44CD70062A5EE /* Douglas_ADI.cpp */ = {isa = PBXFileReference; fileEncoding = 4; lastKnownFileType = sourcecode.cpp.cpp; path = Douglas_ADI.cpp; sourceTree = "<group>"; };
		B66CD1D31DA44CD70062A5EE /* Douglas_ADI.h */ = {isa = PBXFileReference; fileEncoding = 4; lastKnownFileType = sourcecode.c.h; path = Douglas_ADI.h; sourceTree = "<group>"; };
		B66CD1D41DA44CD70062A5EE /* Eq_0.cpp */ = {isa = PBXFileReference; fileEncoding = 4; lastKnownFileType = sourcecode.cpp.cpp; path = Eq_0.cpp; sourceTree = "<group>"; };
		B66CD1D51DA44CD70062A5EE /* Eq_0.h */ = {isa = PBXFileReference; fileEncoding = 4; lastKnownFileType = sourcecode.c.h; path = Eq_0.h; sourceTree = "<group>"; };
		B66CD1D61DA44CD70062A5EE /* Eq_1.cpp */ = {isa = PBXFileReference; fileEncoding = 4; lastKnownFileType = sourcecode.cpp.cpp; path = Eq_1.cpp; sourceTree = "<group>"; };
		B66CD1D71DA44CD70062A5EE /* Eq_1.h */ = {isa = PBXFileReference; fileEncoding = 4; lastKnownFileType = sourcecode.c.h; path = Eq_1.h; sourceTree = "<group>"; };
		B66CD1D81DA44CD70062A5EE /* Eq_2.cpp */ = {isa = PBXFileReference; fileEncoding = 4; lastKnownFileType = sourcecode.cpp.cpp; path = Eq_2.cpp; sourceTree = "<group>"; };
		B66CD1D91DA44CD70062A5EE /* Eq_2.h */ = {isa = PBXFileReference; fileEncoding = 4; lastKnownFileType = sourcecode.c.h; path = Eq_2.h; sourceTree = "<group>"; };
		B66CD1DA1DA44CD70062A5EE /* Eq_3.cpp */ = {isa = PBXFileReference; fileEncoding = 4; lastKnownFileType = sourcecode.cpp.cpp; path = Eq_3.cpp; sourceTree = "<group>"; };
		B66CD1DB1DA44CD70062A5EE /* Eq_3.h */ = {isa = PBXFileReference; fileEncoding = 4; lastKnownFileType = sourcecode.c.h; path = Eq_3.h; sourceTree = "<group>"; };
		B66CD1DC1DA44CD70062A5EE /* Eq_4.cpp */ = {isa = PBXFileReference; fileEncoding = 4; lastKnownFileType = sourcecode.cpp.cpp; path = Eq_4.cpp; sourceTree = "<group>"; };
		B66CD1DD1DA44CD70062A5EE /* Eq_4.h */ = {isa = PBXFileReference; fileEncoding = 4; lastKnownFileType = sourcecode.c.h; path = Eq_4.h; sourceTree = "<group>"; };
		B66CD1DE1DA44CD70062A5EE /* Eq_5.cpp */ = {isa = PBXFileReference; fileEncoding = 4; lastKnownFileType = sourcecode.cpp.cpp; path = Eq_5.cpp; sourceTree = "<group>"; };
		B66CD1DF1DA44CD70062A5EE /* Eq_5.h */ = {isa = PBXFileReference; fileEncoding = 4; lastKnownFileType = sourcecode.c.h; path = Eq_5.h; sourceTree = "<group>"; };
		B66CD1E01DA44CD70062A5EE /* Equation.cpp */ = {isa = PBXFileReference; fileEncoding = 4; lastKnownFileType = sourcecode.cpp.cpp; path = Equation.cpp; sourceTree = "<group>"; };
		B66CD1E11DA44CD70062A5EE /* Equation.h */ = {isa = PBXFileReference; fileEncoding = 4; lastKnownFileType = sourcecode.c.h; path = Equation.h; sourceTree = "<group>"; };
		B66CD1E21DA44CD70062A5EE /* Intersections.cpp */ = {isa = PBXFileReference; fileEncoding = 4; lastKnownFileType = sourcecode.cpp.cpp; path = Intersections.cpp; sourceTree = "<group>"; };
		B66CD1E31DA44CD70062A5EE /* Intersections.h */ = {isa = PBXFileReference; fileEncoding = 4; lastKnownFileType = sourcecode.c.h; path = Intersections.h; sourceTree = "<group>"; };
		B66CD1E41DA44CD70062A5EE /* LU.cpp */ = {isa = PBXFileReference; fileEncoding = 4; lastKnownFileType = sourcecode.cpp.cpp; path = LU.cpp; sourceTree = "<group>"; };
		B66CD1E51DA44CD70062A5EE /* LU.h */ = {isa = PBXFileReference; fileEncoding = 4; lastKnownFileType = sourcecode.c.h; path = LU.h; sourceTree = "<group>"; };
		B66CD1E61DA44CD70062A5EE /* main.cpp */ = {isa = PBXFileReference; fileEncoding = 4; lastKnownFileType = sourcecode.cpp.cpp; path = main.cpp; sourceTree = "<group>"; };
		B66CD1E71DA44CD70062A5EE /* Mesh.cpp */ = {isa = PBXFileReference; fileEncoding = 4; lastKnownFileType = sourcecode.cpp.cpp; path = Mesh.cpp; sourceTree = "<group>"; };
		B66CD1E81DA44CD70062A5EE /* Mesh.h */ = {isa = PBXFileReference; fileEncoding = 4; lastKnownFileType = sourcecode.c.h; path = Mesh.h; sourceTree = "<group>"; };
		B66CD1E91DA44CD70062A5EE /* New_Data_Type.h */ = {isa = PBXFileReference; fileEncoding = 4; lastKnownFileType = sourcecode.c.h; path = New_Data_Type.h; sourceTree = "<group>"; };
		B66CD1EA1DA44CD70062A5EE /* Surface_Cartesian.cpp */ = {isa = PBXFileReference; fileEncoding = 4; lastKnownFileType = sourcecode.cpp.cpp; path = Surface_Cartesian.cpp; sourceTree = "<group>"; };
		B66CD1EB1DA44CD70062A5EE /* Surface_Cartesian.h */ = {isa = PBXFileReference; fileEncoding = 4; lastKnownFileType = sourcecode.c.h; path = Surface_Cartesian.h; sourceTree = "<group>"; };
		B66CD1EC1DA44CD70062A5EE /* Surface_Cube.cpp */ = {isa = PBXFileReference; fileEncoding = 4; lastKnownFileType = sourcecode.cpp.cpp; path = Surface_Cube.cpp; sourceTree = "<group>"; };
		B66CD1ED1DA44CD70062A5EE /* Surface_Cube.h */ = {isa = PBXFileReference; fileEncoding = 4; lastKnownFileType = sourcecode.c.h; path = Surface_Cube.h; sourceTree = "<group>"; };
		B66CD1EE1DA44CD70062A5EE /* Surface_Ellipsoid.cpp */ = {isa = PBXFileReference; fileEncoding = 4; lastKnownFileType = sourcecode.cpp.cpp; path = Surface_Ellipsoid.cpp; sourceTree = "<group>"; };
		B66CD1EF1DA44CD70062A5EE /* Surface_Ellipsoid.h */ = {isa = PBXFileReference; fileEncoding = 4; lastKnownFileType = sourcecode.c.h; path = Surface_Ellipsoid.h; sourceTree = "<group>"; };
		B66CD1F01DA44CD70062A5EE /* Surface_Heart.cpp */ = {isa = PBXFileReference; fileEncoding = 4; lastKnownFileType = sourcecode.cpp.cpp; path = Surface_Heart.cpp; sourceTree = "<group>"; };
		B66CD1F11DA44CD70062A5EE /* Surface_Heart.h */ = {isa = PBXFileReference; fileEncoding = 4; lastKnownFileType = sourcecode.c.h; path = Surface_Heart.h; sourceTree = "<group>"; };
		B66CD1F21DA44CD70062A5EE /* Surface_Tanglecube.cpp */ = {isa = PBXFileReference; fileEncoding = 4; lastKnownFileType = sourcecode.cpp.cpp; path = Surface_Tanglecube.cpp; sourceTree = "<group>"; };
		B66CD1F31DA44CD70062A5EE /* Surface_Tanglecube.h */ = {isa = PBXFileReference; fileEncoding = 4; lastKnownFileType = sourcecode.c.h; path = Surface_Tanglecube.h; sourceTree = "<group>"; };
		B66CD1F41DA44CD70062A5EE /* Surface_Torus.cpp */ = {isa = PBXFileReference; fileEncoding = 4; lastKnownFileType = sourcecode.cpp.cpp; path = Surface_Torus.cpp; sourceTree = "<group>"; };
		B66CD1F51DA44CD70062A5EE /* Surface_Torus.h */ = {isa = PBXFileReference; fileEncoding = 4; lastKnownFileType = sourcecode.c.h; path = Surface_Torus.h; sourceTree = "<group>"; };
		B66CD2261DA499E50062A5EE /* data1.txt */ = {isa = PBXFileReference; fileEncoding = 4; lastKnownFileType = text; path = data1.txt; sourceTree = "<group>"; };
		B66CD2291DA499E50062A5EE /* data2.txt */ = {isa = PBXFileReference; fileEncoding = 4; lastKnownFileType = text; path = data2.txt; sourceTree = "<group>"; };
		B66CD22A1DA499E50062A5EE /* data3.txt */ = {isa = PBXFileReference; fileEncoding = 4; lastKnownFileType = text; path = data3.txt; sourceTree = "<group>"; };
		B66CD22B1DA499E50062A5EE /* data4.txt */ = {isa = PBXFileReference; fileEncoding = 4; lastKnownFileType = text; path = data4.txt; sourceTree = "<group>"; };
		B6936BC61DBC2ACC0079A8D7 /* Surface_Cylinder.cpp */ = {isa = PBXFileReference; fileEncoding = 4; lastKnownFileType = sourcecode.cpp.cpp; path = Surface_Cylinder.cpp; sourceTree = "<group>"; };
		B6936BC71DBC2ACC0079A8D7 /* Surface_Cylinder.h */ = {isa = PBXFileReference; fileEncoding = 4; lastKnownFileType = sourcecode.c.h; path = Surface_Cylinder.h; sourceTree = "<group>"; };
		B6936BC91DBC35F90079A8D7 /* Surface_Cone.cpp */ = {isa = PBXFileReference; fileEncoding = 4; lastKnownFileType = sourcecode.cpp.cpp; path = Surface_Cone.cpp; sourceTree = "<group>"; };
		B6936BCA1DBC35F90079A8D7 /* Surface_Cone.h */ = {isa = PBXFileReference; fileEncoding = 4; lastKnownFileType = sourcecode.c.h; path = Surface_Cone.h; sourceTree = "<group>"; };
		B6EC67FF1E536B76004723A3 /* Beta_1.cpp */ = {isa = PBXFileReference; fileEncoding = 4; lastKnownFileType = sourcecode.cpp.cpp; path = Beta_1.cpp; sourceTree = "<group>"; };
		B6EC68001E536B76004723A3 /* Beta_1.h */ = {isa = PBXFileReference; fileEncoding = 4; lastKnownFileType = sourcecode.c.h; path = Beta_1.h; sourceTree = "<group>"; };
		B6EC68031E539F2E004723A3 /* Beta.h */ = {isa = PBXFileReference; fileEncoding = 4; lastKnownFileType = sourcecode.c.h; path = Beta.h; sourceTree = "<group>"; };
		B6F3515B1E96D92C00ABE3F8 /* Beta_2.cpp */ = {isa = PBXFileReference; fileEncoding = 4; lastKnownFileType = sourcecode.cpp.cpp; path = Beta_2.cpp; sourceTree = "<group>"; };
		B6F3515C1E96D92C00ABE3F8 /* Beta_2.h */ = {isa = PBXFileReference; fileEncoding = 4; lastKnownFileType = sourcecode.c.h; path = Beta_2.h; sourceTree = "<group>"; };
		B6FEE5211D89BCE600D31D5F /* MADI_3D */ = {isa = PBXFileReference; explicitFileType = "compiled.mach-o.executable"; includeInIndex = 0; path = MADI_3D; sourceTree = BUILT_PRODUCTS_DIR; };
/* End PBXFileReference section */

/* Begin PBXFrameworksBuildPhase section */
		B6FEE51E1D89BCE600D31D5F /* Frameworks */ = {
			isa = PBXFrameworksBuildPhase;
			buildActionMask = 2147483647;
			files = (
			);
			runOnlyForDeploymentPostprocessing = 0;
		};
/* End PBXFrameworksBuildPhase section */

/* Begin PBXGroup section */
		B66CD1CE1DA44CD70062A5EE /* src */ = {
			isa = PBXGroup;
			children = (
				B66CD1E61DA44CD70062A5EE /* main.cpp */,
				B66CD1CF1DA44CD70062A5EE /* Constant.h */,
				B66CD1E91DA44CD70062A5EE /* New_Data_Type.h */,
				B66CD1D11DA44CD70062A5EE /* Data.h */,
				B66CD1D01DA44CD70062A5EE /* Data.cpp */,
				B66CD1E81DA44CD70062A5EE /* Mesh.h */,
				B66CD1E71DA44CD70062A5EE /* Mesh.cpp */,
				B66CD1E31DA44CD70062A5EE /* Intersections.h */,
				B66CD1E21DA44CD70062A5EE /* Intersections.cpp */,
				B66CD1D31DA44CD70062A5EE /* Douglas_ADI.h */,
				B66CD1D21DA44CD70062A5EE /* Douglas_ADI.cpp */,
				B6EC68031E539F2E004723A3 /* Beta.h */,
				B6EC68001E536B76004723A3 /* Beta_1.h */,
				B6EC67FF1E536B76004723A3 /* Beta_1.cpp */,
				B6F3515C1E96D92C00ABE3F8 /* Beta_2.h */,
				B6F3515B1E96D92C00ABE3F8 /* Beta_2.cpp */,
				B66CD1E11DA44CD70062A5EE /* Equation.h */,
				B66CD1E01DA44CD70062A5EE /* Equation.cpp */,
				B66CD1D51DA44CD70062A5EE /* Eq_0.h */,
				B66CD1D41DA44CD70062A5EE /* Eq_0.cpp */,
				B66CD1D71DA44CD70062A5EE /* Eq_1.h */,
				B66CD1D61DA44CD70062A5EE /* Eq_1.cpp */,
				B66CD1D91DA44CD70062A5EE /* Eq_2.h */,
				B66CD1D81DA44CD70062A5EE /* Eq_2.cpp */,
				B66CD1DB1DA44CD70062A5EE /* Eq_3.h */,
				B66CD1DA1DA44CD70062A5EE /* Eq_3.cpp */,
				B66CD1DD1DA44CD70062A5EE /* Eq_4.h */,
				B66CD1DC1DA44CD70062A5EE /* Eq_4.cpp */,
				B66CD1DF1DA44CD70062A5EE /* Eq_5.h */,
				B66CD1DE1DA44CD70062A5EE /* Eq_5.cpp */,
				B60CE9621DB68FED00817826 /* Eq_6.h */,
				B60CE9611DB68FED00817826 /* Eq_6.cpp */,
				B60CE9651DB6909900817826 /* Eq_7.h */,
				B60CE9641DB6909900817826 /* Eq_7.cpp */,
				B66CD1EB1DA44CD70062A5EE /* Surface_Cartesian.h */,
				B66CD1EA1DA44CD70062A5EE /* Surface_Cartesian.cpp */,
				B66CD1ED1DA44CD70062A5EE /* Surface_Cube.h */,
				B66CD1EC1DA44CD70062A5EE /* Surface_Cube.cpp */,
				B6936BC71DBC2ACC0079A8D7 /* Surface_Cylinder.h */,
				B6936BC61DBC2ACC0079A8D7 /* Surface_Cylinder.cpp */,
				B66CD1EF1DA44CD70062A5EE /* Surface_Ellipsoid.h */,
				B66CD1EE1DA44CD70062A5EE /* Surface_Ellipsoid.cpp */,
				B65B064E1DB53C5A008F4708 /* Surface_Pile.h */,
				B65B064D1DB53C5A008F4708 /* Surface_Pile.cpp */,
				B66CD1F51DA44CD70062A5EE /* Surface_Torus.h */,
				B66CD1F41DA44CD70062A5EE /* Surface_Torus.cpp */,
				B6936BCA1DBC35F90079A8D7 /* Surface_Cone.h */,
				B6936BC91DBC35F90079A8D7 /* Surface_Cone.cpp */,
				B65B06511DB54041008F4708 /* Surface_Dupin_Cyclide.h */,
				B65B06501DB54041008F4708 /* Surface_Dupin_Cyclide.cpp */,
				B65B06541DB56500008F4708 /* Surface_Molecular.h */,
				B65B06531DB56500008F4708 /* Surface_Molecular.cpp */,
				B66CD1F11DA44CD70062A5EE /* Surface_Heart.h */,
				B66CD1F01DA44CD70062A5EE /* Surface_Heart.cpp */,
				B66CD1F31DA44CD70062A5EE /* Surface_Tanglecube.h */,
				B66CD1F21DA44CD70062A5EE /* Surface_Tanglecube.cpp */,
				B66CD1E51DA44CD70062A5EE /* LU.h */,
				B66CD1E41DA44CD70062A5EE /* LU.cpp */,
			);
			path = src;
			sourceTree = "<group>";
		};
		B66CD2251DA499E50062A5EE /* data */ = {
			isa = PBXGroup;
			children = (
				B66CD2261DA499E50062A5EE /* data1.txt */,
				B66CD2291DA499E50062A5EE /* data2.txt */,
				B66CD22A1DA499E50062A5EE /* data3.txt */,
				B66CD22B1DA499E50062A5EE /* data4.txt */,
			);
			path = data;
			sourceTree = "<group>";
		};
		B6FEE5181D89BCE600D31D5F = {
			isa = PBXGroup;
			children = (
				B66CD1CE1DA44CD70062A5EE /* src */,
				B6FEE5221D89BCE600D31D5F /* Products */,
				B66CD2251DA499E50062A5EE /* data */,
			);
			sourceTree = "<group>";
		};
		B6FEE5221D89BCE600D31D5F /* Products */ = {
			isa = PBXGroup;
			children = (
				B6FEE5211D89BCE600D31D5F /* MADI_3D */,
			);
			name = Products;
			sourceTree = "<group>";
		};
/* End PBXGroup section */

/* Begin PBXNativeTarget section */
		B6FEE5201D89BCE600D31D5F /* MADI_3D */ = {
			isa = PBXNativeTarget;
			buildConfigurationList = B6FEE5281D89BCE600D31D5F /* Build configuration list for PBXNativeTarget "MADI_3D" */;
			buildPhases = (
				B6FEE51D1D89BCE600D31D5F /* Sources */,
				B6FEE51E1D89BCE600D31D5F /* Frameworks */,
				B6FEE51F1D89BCE600D31D5F /* CopyFiles */,
			);
			buildRules = (
			);
			dependencies = (
			);
			name = MADI_3D;
			productName = MADI_3D;
			productReference = B6FEE5211D89BCE600D31D5F /* MADI_3D */;
			productType = "com.apple.product-type.tool";
		};
/* End PBXNativeTarget section */

/* Begin PBXProject section */
		B6FEE5191D89BCE600D31D5F /* Project object */ = {
			isa = PBXProject;
			attributes = {
				LastUpgradeCheck = 0730;
				ORGANIZATIONNAME = Wei;
				TargetAttributes = {
					B6FEE5201D89BCE600D31D5F = {
						CreatedOnToolsVersion = 7.3.1;
					};
				};
			};
			buildConfigurationList = B6FEE51C1D89BCE600D31D5F /* Build configuration list for PBXProject "MADI_3D" */;
			compatibilityVersion = "Xcode 3.2";
			developmentRegion = English;
			hasScannedForEncodings = 0;
			knownRegions = (
				en,
			);
			mainGroup = B6FEE5181D89BCE600D31D5F;
			productRefGroup = B6FEE5221D89BCE600D31D5F /* Products */;
			projectDirPath = "";
			projectRoot = "";
			targets = (
				B6FEE5201D89BCE600D31D5F /* MADI_3D */,
			);
		};
/* End PBXProject section */

/* Begin PBXSourcesBuildPhase section */
		B6FEE51D1D89BCE600D31D5F /* Sources */ = {
			isa = PBXSourcesBuildPhase;
			buildActionMask = 2147483647;
			files = (
				B6EC68011E536B76004723A3 /* Beta_1.cpp in Sources */,
				B65B06551DB56500008F4708 /* Surface_Molecular.cpp in Sources */,
				B66CD1F81DA44CD70062A5EE /* Eq_0.cpp in Sources */,
				B60CE9631DB68FED00817826 /* Eq_6.cpp in Sources */,
				B6F3515D1E96D92C00ABE3F8 /* Beta_2.cpp in Sources */,
				B66CD2001DA44CD70062A5EE /* LU.cpp in Sources */,
				B65B06521DB54041008F4708 /* Surface_Dupin_Cyclide.cpp in Sources */,
				B66CD2011DA44CD70062A5EE /* main.cpp in Sources */,
				B65B064F1DB53C5A008F4708 /* Surface_Pile.cpp in Sources */,
				B66CD2051DA44CD70062A5EE /* Surface_Ellipsoid.cpp in Sources */,
				B66CD1FE1DA44CD70062A5EE /* Equation.cpp in Sources */,
				B66CD2021DA44CD70062A5EE /* Mesh.cpp in Sources */,
				B66CD1F71DA44CD70062A5EE /* Douglas_ADI.cpp in Sources */,
				B66CD2071DA44CD70062A5EE /* Surface_Tanglecube.cpp in Sources */,
				B66CD2081DA44CD70062A5EE /* Surface_Torus.cpp in Sources */,
				B66CD2041DA44CD70062A5EE /* Surface_Cube.cpp in Sources */,
				B66CD2031DA44CD70062A5EE /* Surface_Cartesian.cpp in Sources */,
				B66CD1F61DA44CD70062A5EE /* Data.cpp in Sources */,
				B66CD1FD1DA44CD70062A5EE /* Eq_5.cpp in Sources */,
				B66CD2061DA44CD70062A5EE /* Surface_Heart.cpp in Sources */,
				B6936BCB1DBC35F90079A8D7 /* Surface_Cone.cpp in Sources */,
				B66CD1FB1DA44CD70062A5EE /* Eq_3.cpp in Sources */,
				B66CD1FC1DA44CD70062A5EE /* Eq_4.cpp in Sources */,
				B66CD1F91DA44CD70062A5EE /* Eq_1.cpp in Sources */,
				B60CE9661DB6909900817826 /* Eq_7.cpp in Sources */,
				B6936BC81DBC2ACC0079A8D7 /* Surface_Cylinder.cpp in Sources */,
				B66CD1FF1DA44CD70062A5EE /* Intersections.cpp in Sources */,
				B66CD1FA1DA44CD70062A5EE /* Eq_2.cpp in Sources */,
			);
			runOnlyForDeploymentPostprocessing = 0;
		};
/* End PBXSourcesBuildPhase section */

/* Begin XCBuildConfiguration section */
		B6FEE5261D89BCE600D31D5F /* Debug */ = {
			isa = XCBuildConfiguration;
			buildSettings = {
				ALWAYS_SEARCH_USER_PATHS = NO;
				CLANG_ANALYZER_NONNULL = YES;
				CLANG_CXX_LANGUAGE_STANDARD = "gnu++0x";
				CLANG_CXX_LIBRARY = "libc++";
				CLANG_ENABLE_MODULES = YES;
				CLANG_ENABLE_OBJC_ARC = YES;
				CLANG_WARN_BOOL_CONVERSION = YES;
				CLANG_WARN_CONSTANT_CONVERSION = YES;
				CLANG_WARN_DIRECT_OBJC_ISA_USAGE = YES_ERROR;
				CLANG_WARN_EMPTY_BODY = YES;
				CLANG_WARN_ENUM_CONVERSION = YES;
				CLANG_WARN_INT_CONVERSION = YES;
				CLANG_WARN_OBJC_ROOT_CLASS = YES_ERROR;
				CLANG_WARN_UNREACHABLE_CODE = YES;
				CLANG_WARN__DUPLICATE_METHOD_MATCH = YES;
				CODE_SIGN_IDENTITY = "-";
				COPY_PHASE_STRIP = NO;
				DEBUG_INFORMATION_FORMAT = dwarf;
				ENABLE_STRICT_OBJC_MSGSEND = YES;
				ENABLE_TESTABILITY = YES;
				GCC_C_LANGUAGE_STANDARD = gnu99;
				GCC_DYNAMIC_NO_PIC = NO;
				GCC_NO_COMMON_BLOCKS = YES;
				GCC_OPTIMIZATION_LEVEL = 0;
				GCC_PREPROCESSOR_DEFINITIONS = (
					"DEBUG=1",
					"$(inherited)",
				);
				GCC_WARN_64_TO_32_BIT_CONVERSION = YES;
				GCC_WARN_ABOUT_RETURN_TYPE = YES_ERROR;
				GCC_WARN_UNDECLARED_SELECTOR = YES;
				GCC_WARN_UNINITIALIZED_AUTOS = YES_AGGRESSIVE;
				GCC_WARN_UNUSED_FUNCTION = YES;
				GCC_WARN_UNUSED_VARIABLE = YES;
				MACOSX_DEPLOYMENT_TARGET = 10.11;
				MTL_ENABLE_DEBUG_INFO = YES;
				ONLY_ACTIVE_ARCH = YES;
				SDKROOT = macosx;
			};
			name = Debug;
		};
		B6FEE5271D89BCE600D31D5F /* Release */ = {
			isa = XCBuildConfiguration;
			buildSettings = {
				ALWAYS_SEARCH_USER_PATHS = NO;
				CLANG_ANALYZER_NONNULL = YES;
				CLANG_CXX_LANGUAGE_STANDARD = "gnu++0x";
				CLANG_CXX_LIBRARY = "libc++";
				CLANG_ENABLE_MODULES = YES;
				CLANG_ENABLE_OBJC_ARC = YES;
				CLANG_WARN_BOOL_CONVERSION = YES;
				CLANG_WARN_CONSTANT_CONVERSION = YES;
				CLANG_WARN_DIRECT_OBJC_ISA_USAGE = YES_ERROR;
				CLANG_WARN_EMPTY_BODY = YES;
				CLANG_WARN_ENUM_CONVERSION = YES;
				CLANG_WARN_INT_CONVERSION = YES;
				CLANG_WARN_OBJC_ROOT_CLASS = YES_ERROR;
				CLANG_WARN_UNREACHABLE_CODE = YES;
				CLANG_WARN__DUPLICATE_METHOD_MATCH = YES;
				CODE_SIGN_IDENTITY = "-";
				COPY_PHASE_STRIP = NO;
				DEBUG_INFORMATION_FORMAT = "dwarf-with-dsym";
				ENABLE_NS_ASSERTIONS = NO;
				ENABLE_STRICT_OBJC_MSGSEND = YES;
				GCC_C_LANGUAGE_STANDARD = gnu99;
				GCC_NO_COMMON_BLOCKS = YES;
				GCC_WARN_64_TO_32_BIT_CONVERSION = YES;
				GCC_WARN_ABOUT_RETURN_TYPE = YES_ERROR;
				GCC_WARN_UNDECLARED_SELECTOR = YES;
				GCC_WARN_UNINITIALIZED_AUTOS = YES_AGGRESSIVE;
				GCC_WARN_UNUSED_FUNCTION = YES;
				GCC_WARN_UNUSED_VARIABLE = YES;
				MACOSX_DEPLOYMENT_TARGET = 10.11;
				MTL_ENABLE_DEBUG_INFO = NO;
				SDKROOT = macosx;
			};
			name = Release;
		};
		B6FEE5291D89BCE600D31D5F /* Debug */ = {
			isa = XCBuildConfiguration;
			buildSettings = {
				CLANG_CXX_LANGUAGE_STANDARD = "gnu++0x";
				CLANG_CXX_LIBRARY = "libc++";
				GCC_OPTIMIZATION_LEVEL = 3;
				PRODUCT_NAME = "$(TARGET_NAME)";
			};
			name = Debug;
		};
		B6FEE52A1D89BCE600D31D5F /* Release */ = {
			isa = XCBuildConfiguration;
			buildSettings = {
				CLANG_CXX_LANGUAGE_STANDARD = "gnu++0x";
				CLANG_CXX_LIBRARY = "libc++";
				GCC_OPTIMIZATION_LEVEL = 3;
				PRODUCT_NAME = "$(TARGET_NAME)";
			};
			name = Release;
		};
/* End XCBuildConfiguration section */

/* Begin XCConfigurationList section */
		B6FEE51C1D89BCE600D31D5F /* Build configuration list for PBXProject "MADI_3D" */ = {
			isa = XCConfigurationList;
			buildConfigurations = (
				B6FEE5261D89BCE600D31D5F /* Debug */,
				B6FEE5271D89BCE600D31D5F /* Release */,
			);
			defaultConfigurationIsVisible = 0;
			defaultConfigurationName = Release;
		};
		B6FEE5281D89BCE600D31D5F /* Build configuration list for PBXNativeTarget "MADI_3D" */ = {
			isa = XCConfigurationList;
			buildConfigurations = (
				B6FEE5291D89BCE600D31D5F /* Debug */,
				B6FEE52A1D89BCE600D31D5F /* Release */,
			);
			defaultConfigurationIsVisible = 0;
			defaultConfigurationName = Release;
		};
/* End XCConfigurationList section */
	};
	rootObject = B6FEE5191D89BCE600D31D5F /* Project object */;
}
