// !$*UTF8*$!
{
	archiveVersion = 1;
	classes = {
	};
	objectVersion = 46;
	objects = {

/* Begin PBXBuildFile section */
		B60AFC801F1E83550037A976 /* Beta_0.cpp in Sources */ = {isa = PBXBuildFile; fileRef = B60AFC431F1E83540037A976 /* Beta_0.cpp */; };
		B60AFC811F1E83550037A976 /* Beta_1.cpp in Sources */ = {isa = PBXBuildFile; fileRef = B60AFC451F1E83540037A976 /* Beta_1.cpp */; };
		B60AFC821F1E83550037A976 /* Beta_2.cpp in Sources */ = {isa = PBXBuildFile; fileRef = B60AFC471F1E83540037A976 /* Beta_2.cpp */; };
		B60AFC831F1E83550037A976 /* Data.cpp in Sources */ = {isa = PBXBuildFile; fileRef = B60AFC4A1F1E83540037A976 /* Data.cpp */; };
		B60AFC841F1E83550037A976 /* Douglas_ADI.cpp in Sources */ = {isa = PBXBuildFile; fileRef = B60AFC4C1F1E83540037A976 /* Douglas_ADI.cpp */; };
		B60AFC851F1E83550037A976 /* Eq_0.cpp in Sources */ = {isa = PBXBuildFile; fileRef = B60AFC4E1F1E83540037A976 /* Eq_0.cpp */; };
		B60AFC861F1E83550037A976 /* Eq_1.cpp in Sources */ = {isa = PBXBuildFile; fileRef = B60AFC501F1E83540037A976 /* Eq_1.cpp */; };
		B60AFC871F1E83550037A976 /* Eq_2.cpp in Sources */ = {isa = PBXBuildFile; fileRef = B60AFC521F1E83540037A976 /* Eq_2.cpp */; };
		B60AFC881F1E83550037A976 /* Eq_3.cpp in Sources */ = {isa = PBXBuildFile; fileRef = B60AFC541F1E83540037A976 /* Eq_3.cpp */; };
		B60AFC891F1E83550037A976 /* Eq_4.cpp in Sources */ = {isa = PBXBuildFile; fileRef = B60AFC561F1E83540037A976 /* Eq_4.cpp */; };
		B60AFC8A1F1E83550037A976 /* Eq_5.cpp in Sources */ = {isa = PBXBuildFile; fileRef = B60AFC581F1E83540037A976 /* Eq_5.cpp */; };
		B60AFC8B1F1E83550037A976 /* Eq_6.cpp in Sources */ = {isa = PBXBuildFile; fileRef = B60AFC5A1F1E83540037A976 /* Eq_6.cpp */; };
		B60AFC8C1F1E83550037A976 /* Eq_7.cpp in Sources */ = {isa = PBXBuildFile; fileRef = B60AFC5C1F1E83540037A976 /* Eq_7.cpp */; };
		B60AFC8D1F1E83550037A976 /* Equation.cpp in Sources */ = {isa = PBXBuildFile; fileRef = B60AFC5E1F1E83540037A976 /* Equation.cpp */; };
		B60AFC8E1F1E83550037A976 /* Intersections.cpp in Sources */ = {isa = PBXBuildFile; fileRef = B60AFC601F1E83540037A976 /* Intersections.cpp */; };
		B60AFC8F1F1E83550037A976 /* LOD.cpp in Sources */ = {isa = PBXBuildFile; fileRef = B60AFC621F1E83540037A976 /* LOD.cpp */; };
		B60AFC901F1E83550037A976 /* LU.cpp in Sources */ = {isa = PBXBuildFile; fileRef = B60AFC641F1E83540037A976 /* LU.cpp */; };
		B60AFC911F1E83550037A976 /* main.cpp in Sources */ = {isa = PBXBuildFile; fileRef = B60AFC661F1E83540037A976 /* main.cpp */; };
		B60AFC921F1E83550037A976 /* Mesh.cpp in Sources */ = {isa = PBXBuildFile; fileRef = B60AFC671F1E83540037A976 /* Mesh.cpp */; };
		B60AFC931F1E83550037A976 /* Surface_Cartesian.cpp in Sources */ = {isa = PBXBuildFile; fileRef = B60AFC6A1F1E83540037A976 /* Surface_Cartesian.cpp */; };
		B60AFC941F1E83550037A976 /* Surface_Cone.cpp in Sources */ = {isa = PBXBuildFile; fileRef = B60AFC6C1F1E83540037A976 /* Surface_Cone.cpp */; };
		B60AFC951F1E83550037A976 /* Surface_Cube.cpp in Sources */ = {isa = PBXBuildFile; fileRef = B60AFC6E1F1E83540037A976 /* Surface_Cube.cpp */; };
		B60AFC961F1E83550037A976 /* Surface_Cylinder.cpp in Sources */ = {isa = PBXBuildFile; fileRef = B60AFC701F1E83540037A976 /* Surface_Cylinder.cpp */; };
		B60AFC971F1E83550037A976 /* Surface_Dupin_Cyclide.cpp in Sources */ = {isa = PBXBuildFile; fileRef = B60AFC721F1E83540037A976 /* Surface_Dupin_Cyclide.cpp */; };
		B60AFC981F1E83550037A976 /* Surface_Ellipsoid.cpp in Sources */ = {isa = PBXBuildFile; fileRef = B60AFC741F1E83540037A976 /* Surface_Ellipsoid.cpp */; };
		B60AFC991F1E83550037A976 /* Surface_Heart.cpp in Sources */ = {isa = PBXBuildFile; fileRef = B60AFC761F1E83540037A976 /* Surface_Heart.cpp */; };
		B60AFC9A1F1E83550037A976 /* Surface_Molecular.cpp in Sources */ = {isa = PBXBuildFile; fileRef = B60AFC781F1E83540037A976 /* Surface_Molecular.cpp */; };
		B60AFC9B1F1E83550037A976 /* Surface_Pile.cpp in Sources */ = {isa = PBXBuildFile; fileRef = B60AFC7A1F1E83540037A976 /* Surface_Pile.cpp */; };
		B60AFC9C1F1E83550037A976 /* Surface_Tanglecube.cpp in Sources */ = {isa = PBXBuildFile; fileRef = B60AFC7C1F1E83550037A976 /* Surface_Tanglecube.cpp */; };
		B60AFC9D1F1E83550037A976 /* Surface_Torus.cpp in Sources */ = {isa = PBXBuildFile; fileRef = B60AFC7E1F1E83550037A976 /* Surface_Torus.cpp */; };
		B60AFCA01F1E98280037A976 /* Beta_3.cpp in Sources */ = {isa = PBXBuildFile; fileRef = B60AFC9E1F1E98270037A976 /* Beta_3.cpp */; };
		B66AD72D1F2150A5004495A1 /* TS.cpp in Sources */ = {isa = PBXBuildFile; fileRef = B66AD72B1F2150A5004495A1 /* TS.cpp */; };
/* End PBXBuildFile section */

/* Begin PBXCopyFilesBuildPhase section */
		B60AFC251F1E83260037A976 /* CopyFiles */ = {
			isa = PBXCopyFilesBuildPhase;
			buildActionMask = 2147483647;
			dstPath = /usr/share/man/man1/;
			dstSubfolderSpec = 0;
			files = (
			);
			runOnlyForDeploymentPostprocessing = 1;
		};
/* End PBXCopyFilesBuildPhase section */

/* Begin PBXFileReference section */
		B60AFC271F1E83260037A976 /* MIB_3D */ = {isa = PBXFileReference; explicitFileType = "compiled.mach-o.executable"; includeInIndex = 0; path = MIB_3D; sourceTree = BUILT_PRODUCTS_DIR; };
		B60AFC321F1E83540037A976 /* data1.txt */ = {isa = PBXFileReference; fileEncoding = 4; lastKnownFileType = text; path = data1.txt; sourceTree = "<group>"; };
		B60AFC331F1E83540037A976 /* data2.txt */ = {isa = PBXFileReference; fileEncoding = 4; lastKnownFileType = text; path = data2.txt; sourceTree = "<group>"; };
		B60AFC341F1E83540037A976 /* data3.txt */ = {isa = PBXFileReference; fileEncoding = 4; lastKnownFileType = text; path = data3.txt; sourceTree = "<group>"; };
		B60AFC351F1E83540037A976 /* data4.txt */ = {isa = PBXFileReference; fileEncoding = 4; lastKnownFileType = text; path = data4.txt; sourceTree = "<group>"; };
		B60AFC421F1E83540037A976 /* Beta.h */ = {isa = PBXFileReference; fileEncoding = 4; lastKnownFileType = sourcecode.c.h; path = Beta.h; sourceTree = "<group>"; };
		B60AFC431F1E83540037A976 /* Beta_0.cpp */ = {isa = PBXFileReference; fileEncoding = 4; lastKnownFileType = sourcecode.cpp.cpp; path = Beta_0.cpp; sourceTree = "<group>"; };
		B60AFC441F1E83540037A976 /* Beta_0.h */ = {isa = PBXFileReference; fileEncoding = 4; lastKnownFileType = sourcecode.c.h; path = Beta_0.h; sourceTree = "<group>"; };
		B60AFC451F1E83540037A976 /* Beta_1.cpp */ = {isa = PBXFileReference; fileEncoding = 4; lastKnownFileType = sourcecode.cpp.cpp; path = Beta_1.cpp; sourceTree = "<group>"; };
		B60AFC461F1E83540037A976 /* Beta_1.h */ = {isa = PBXFileReference; fileEncoding = 4; lastKnownFileType = sourcecode.c.h; path = Beta_1.h; sourceTree = "<group>"; };
		B60AFC471F1E83540037A976 /* Beta_2.cpp */ = {isa = PBXFileReference; fileEncoding = 4; lastKnownFileType = sourcecode.cpp.cpp; path = Beta_2.cpp; sourceTree = "<group>"; };
		B60AFC481F1E83540037A976 /* Beta_2.h */ = {isa = PBXFileReference; fileEncoding = 4; lastKnownFileType = sourcecode.c.h; path = Beta_2.h; sourceTree = "<group>"; };
		B60AFC491F1E83540037A976 /* Constant.h */ = {isa = PBXFileReference; fileEncoding = 4; lastKnownFileType = sourcecode.c.h; path = Constant.h; sourceTree = "<group>"; };
		B60AFC4A1F1E83540037A976 /* Data.cpp */ = {isa = PBXFileReference; fileEncoding = 4; lastKnownFileType = sourcecode.cpp.cpp; path = Data.cpp; sourceTree = "<group>"; };
		B60AFC4B1F1E83540037A976 /* Data.h */ = {isa = PBXFileReference; fileEncoding = 4; lastKnownFileType = sourcecode.c.h; path = Data.h; sourceTree = "<group>"; };
		B60AFC4C1F1E83540037A976 /* Douglas_ADI.cpp */ = {isa = PBXFileReference; fileEncoding = 4; lastKnownFileType = sourcecode.cpp.cpp; path = Douglas_ADI.cpp; sourceTree = "<group>"; };
		B60AFC4D1F1E83540037A976 /* Douglas_ADI.h */ = {isa = PBXFileReference; fileEncoding = 4; lastKnownFileType = sourcecode.c.h; path = Douglas_ADI.h; sourceTree = "<group>"; };
		B60AFC4E1F1E83540037A976 /* Eq_0.cpp */ = {isa = PBXFileReference; fileEncoding = 4; lastKnownFileType = sourcecode.cpp.cpp; path = Eq_0.cpp; sourceTree = "<group>"; };
		B60AFC4F1F1E83540037A976 /* Eq_0.h */ = {isa = PBXFileReference; fileEncoding = 4; lastKnownFileType = sourcecode.c.h; path = Eq_0.h; sourceTree = "<group>"; };
		B60AFC501F1E83540037A976 /* Eq_1.cpp */ = {isa = PBXFileReference; fileEncoding = 4; lastKnownFileType = sourcecode.cpp.cpp; path = Eq_1.cpp; sourceTree = "<group>"; };
		B60AFC511F1E83540037A976 /* Eq_1.h */ = {isa = PBXFileReference; fileEncoding = 4; lastKnownFileType = sourcecode.c.h; path = Eq_1.h; sourceTree = "<group>"; };
		B60AFC521F1E83540037A976 /* Eq_2.cpp */ = {isa = PBXFileReference; fileEncoding = 4; lastKnownFileType = sourcecode.cpp.cpp; path = Eq_2.cpp; sourceTree = "<group>"; };
		B60AFC531F1E83540037A976 /* Eq_2.h */ = {isa = PBXFileReference; fileEncoding = 4; lastKnownFileType = sourcecode.c.h; path = Eq_2.h; sourceTree = "<group>"; };
		B60AFC541F1E83540037A976 /* Eq_3.cpp */ = {isa = PBXFileReference; fileEncoding = 4; lastKnownFileType = sourcecode.cpp.cpp; path = Eq_3.cpp; sourceTree = "<group>"; };
		B60AFC551F1E83540037A976 /* Eq_3.h */ = {isa = PBXFileReference; fileEncoding = 4; lastKnownFileType = sourcecode.c.h; path = Eq_3.h; sourceTree = "<group>"; };
		B60AFC561F1E83540037A976 /* Eq_4.cpp */ = {isa = PBXFileReference; fileEncoding = 4; lastKnownFileType = sourcecode.cpp.cpp; path = Eq_4.cpp; sourceTree = "<group>"; };
		B60AFC571F1E83540037A976 /* Eq_4.h */ = {isa = PBXFileReference; fileEncoding = 4; lastKnownFileType = sourcecode.c.h; path = Eq_4.h; sourceTree = "<group>"; };
		B60AFC581F1E83540037A976 /* Eq_5.cpp */ = {isa = PBXFileReference; fileEncoding = 4; lastKnownFileType = sourcecode.cpp.cpp; path = Eq_5.cpp; sourceTree = "<group>"; };
		B60AFC591F1E83540037A976 /* Eq_5.h */ = {isa = PBXFileReference; fileEncoding = 4; lastKnownFileType = sourcecode.c.h; path = Eq_5.h; sourceTree = "<group>"; };
		B60AFC5A1F1E83540037A976 /* Eq_6.cpp */ = {isa = PBXFileReference; fileEncoding = 4; lastKnownFileType = sourcecode.cpp.cpp; path = Eq_6.cpp; sourceTree = "<group>"; };
		B60AFC5B1F1E83540037A976 /* Eq_6.h */ = {isa = PBXFileReference; fileEncoding = 4; lastKnownFileType = sourcecode.c.h; path = Eq_6.h; sourceTree = "<group>"; };
		B60AFC5C1F1E83540037A976 /* Eq_7.cpp */ = {isa = PBXFileReference; fileEncoding = 4; lastKnownFileType = sourcecode.cpp.cpp; path = Eq_7.cpp; sourceTree = "<group>"; };
		B60AFC5D1F1E83540037A976 /* Eq_7.h */ = {isa = PBXFileReference; fileEncoding = 4; lastKnownFileType = sourcecode.c.h; path = Eq_7.h; sourceTree = "<group>"; };
		B60AFC5E1F1E83540037A976 /* Equation.cpp */ = {isa = PBXFileReference; fileEncoding = 4; lastKnownFileType = sourcecode.cpp.cpp; path = Equation.cpp; sourceTree = "<group>"; };
		B60AFC5F1F1E83540037A976 /* Equation.h */ = {isa = PBXFileReference; fileEncoding = 4; lastKnownFileType = sourcecode.c.h; path = Equation.h; sourceTree = "<group>"; };
		B60AFC601F1E83540037A976 /* Intersections.cpp */ = {isa = PBXFileReference; fileEncoding = 4; lastKnownFileType = sourcecode.cpp.cpp; path = Intersections.cpp; sourceTree = "<group>"; };
		B60AFC611F1E83540037A976 /* Intersections.h */ = {isa = PBXFileReference; fileEncoding = 4; lastKnownFileType = sourcecode.c.h; path = Intersections.h; sourceTree = "<group>"; };
		B60AFC621F1E83540037A976 /* LOD.cpp */ = {isa = PBXFileReference; fileEncoding = 4; lastKnownFileType = sourcecode.cpp.cpp; path = LOD.cpp; sourceTree = "<group>"; };
		B60AFC631F1E83540037A976 /* LOD.h */ = {isa = PBXFileReference; fileEncoding = 4; lastKnownFileType = sourcecode.c.h; path = LOD.h; sourceTree = "<group>"; };
		B60AFC641F1E83540037A976 /* LU.cpp */ = {isa = PBXFileReference; fileEncoding = 4; lastKnownFileType = sourcecode.cpp.cpp; path = LU.cpp; sourceTree = "<group>"; };
		B60AFC651F1E83540037A976 /* LU.h */ = {isa = PBXFileReference; fileEncoding = 4; lastKnownFileType = sourcecode.c.h; path = LU.h; sourceTree = "<group>"; };
		B60AFC661F1E83540037A976 /* main.cpp */ = {isa = PBXFileReference; fileEncoding = 4; lastKnownFileType = sourcecode.cpp.cpp; path = main.cpp; sourceTree = "<group>"; };
		B60AFC671F1E83540037A976 /* Mesh.cpp */ = {isa = PBXFileReference; fileEncoding = 4; lastKnownFileType = sourcecode.cpp.cpp; path = Mesh.cpp; sourceTree = "<group>"; };
		B60AFC681F1E83540037A976 /* Mesh.h */ = {isa = PBXFileReference; fileEncoding = 4; lastKnownFileType = sourcecode.c.h; path = Mesh.h; sourceTree = "<group>"; };
		B60AFC691F1E83540037A976 /* New_Data_Type.h */ = {isa = PBXFileReference; fileEncoding = 4; lastKnownFileType = sourcecode.c.h; path = New_Data_Type.h; sourceTree = "<group>"; };
		B60AFC6A1F1E83540037A976 /* Surface_Cartesian.cpp */ = {isa = PBXFileReference; fileEncoding = 4; lastKnownFileType = sourcecode.cpp.cpp; path = Surface_Cartesian.cpp; sourceTree = "<group>"; };
		B60AFC6B1F1E83540037A976 /* Surface_Cartesian.h */ = {isa = PBXFileReference; fileEncoding = 4; lastKnownFileType = sourcecode.c.h; path = Surface_Cartesian.h; sourceTree = "<group>"; };
		B60AFC6C1F1E83540037A976 /* Surface_Cone.cpp */ = {isa = PBXFileReference; fileEncoding = 4; lastKnownFileType = sourcecode.cpp.cpp; path = Surface_Cone.cpp; sourceTree = "<group>"; };
		B60AFC6D1F1E83540037A976 /* Surface_Cone.h */ = {isa = PBXFileReference; fileEncoding = 4; lastKnownFileType = sourcecode.c.h; path = Surface_Cone.h; sourceTree = "<group>"; };
		B60AFC6E1F1E83540037A976 /* Surface_Cube.cpp */ = {isa = PBXFileReference; fileEncoding = 4; lastKnownFileType = sourcecode.cpp.cpp; path = Surface_Cube.cpp; sourceTree = "<group>"; };
		B60AFC6F1F1E83540037A976 /* Surface_Cube.h */ = {isa = PBXFileReference; fileEncoding = 4; lastKnownFileType = sourcecode.c.h; path = Surface_Cube.h; sourceTree = "<group>"; };
		B60AFC701F1E83540037A976 /* Surface_Cylinder.cpp */ = {isa = PBXFileReference; fileEncoding = 4; lastKnownFileType = sourcecode.cpp.cpp; path = Surface_Cylinder.cpp; sourceTree = "<group>"; };
		B60AFC711F1E83540037A976 /* Surface_Cylinder.h */ = {isa = PBXFileReference; fileEncoding = 4; lastKnownFileType = sourcecode.c.h; path = Surface_Cylinder.h; sourceTree = "<group>"; };
		B60AFC721F1E83540037A976 /* Surface_Dupin_Cyclide.cpp */ = {isa = PBXFileReference; fileEncoding = 4; lastKnownFileType = sourcecode.cpp.cpp; path = Surface_Dupin_Cyclide.cpp; sourceTree = "<group>"; };
		B60AFC731F1E83540037A976 /* Surface_Dupin_Cyclide.h */ = {isa = PBXFileReference; fileEncoding = 4; lastKnownFileType = sourcecode.c.h; path = Surface_Dupin_Cyclide.h; sourceTree = "<group>"; };
		B60AFC741F1E83540037A976 /* Surface_Ellipsoid.cpp */ = {isa = PBXFileReference; fileEncoding = 4; lastKnownFileType = sourcecode.cpp.cpp; path = Surface_Ellipsoid.cpp; sourceTree = "<group>"; };
		B60AFC751F1E83540037A976 /* Surface_Ellipsoid.h */ = {isa = PBXFileReference; fileEncoding = 4; lastKnownFileType = sourcecode.c.h; path = Surface_Ellipsoid.h; sourceTree = "<group>"; };
		B60AFC761F1E83540037A976 /* Surface_Heart.cpp */ = {isa = PBXFileReference; fileEncoding = 4; lastKnownFileType = sourcecode.cpp.cpp; path = Surface_Heart.cpp; sourceTree = "<group>"; };
		B60AFC771F1E83540037A976 /* Surface_Heart.h */ = {isa = PBXFileReference; fileEncoding = 4; lastKnownFileType = sourcecode.c.h; path = Surface_Heart.h; sourceTree = "<group>"; };
		B60AFC781F1E83540037A976 /* Surface_Molecular.cpp */ = {isa = PBXFileReference; fileEncoding = 4; lastKnownFileType = sourcecode.cpp.cpp; path = Surface_Molecular.cpp; sourceTree = "<group>"; };
		B60AFC791F1E83540037A976 /* Surface_Molecular.h */ = {isa = PBXFileReference; fileEncoding = 4; lastKnownFileType = sourcecode.c.h; path = Surface_Molecular.h; sourceTree = "<group>"; };
		B60AFC7A1F1E83540037A976 /* Surface_Pile.cpp */ = {isa = PBXFileReference; fileEncoding = 4; lastKnownFileType = sourcecode.cpp.cpp; path = Surface_Pile.cpp; sourceTree = "<group>"; };
		B60AFC7B1F1E83540037A976 /* Surface_Pile.h */ = {isa = PBXFileReference; fileEncoding = 4; lastKnownFileType = sourcecode.c.h; path = Surface_Pile.h; sourceTree = "<group>"; };
		B60AFC7C1F1E83550037A976 /* Surface_Tanglecube.cpp */ = {isa = PBXFileReference; fileEncoding = 4; lastKnownFileType = sourcecode.cpp.cpp; path = Surface_Tanglecube.cpp; sourceTree = "<group>"; };
		B60AFC7D1F1E83550037A976 /* Surface_Tanglecube.h */ = {isa = PBXFileReference; fileEncoding = 4; lastKnownFileType = sourcecode.c.h; path = Surface_Tanglecube.h; sourceTree = "<group>"; };
		B60AFC7E1F1E83550037A976 /* Surface_Torus.cpp */ = {isa = PBXFileReference; fileEncoding = 4; lastKnownFileType = sourcecode.cpp.cpp; path = Surface_Torus.cpp; sourceTree = "<group>"; };
		B60AFC7F1F1E83550037A976 /* Surface_Torus.h */ = {isa = PBXFileReference; fileEncoding = 4; lastKnownFileType = sourcecode.c.h; path = Surface_Torus.h; sourceTree = "<group>"; };
		B60AFC9E1F1E98270037A976 /* Beta_3.cpp */ = {isa = PBXFileReference; fileEncoding = 4; lastKnownFileType = sourcecode.cpp.cpp; path = Beta_3.cpp; sourceTree = "<group>"; };
		B60AFC9F1F1E98270037A976 /* Beta_3.h */ = {isa = PBXFileReference; fileEncoding = 4; lastKnownFileType = sourcecode.c.h; path = Beta_3.h; sourceTree = "<group>"; };
		B66AD72B1F2150A5004495A1 /* TS.cpp */ = {isa = PBXFileReference; fileEncoding = 4; lastKnownFileType = sourcecode.cpp.cpp; path = TS.cpp; sourceTree = "<group>"; };
		B66AD72C1F2150A5004495A1 /* TS.h */ = {isa = PBXFileReference; fileEncoding = 4; lastKnownFileType = sourcecode.c.h; path = TS.h; sourceTree = "<group>"; };
/* End PBXFileReference section */

/* Begin PBXFrameworksBuildPhase section */
		B60AFC241F1E83260037A976 /* Frameworks */ = {
			isa = PBXFrameworksBuildPhase;
			buildActionMask = 2147483647;
			files = (
			);
			runOnlyForDeploymentPostprocessing = 0;
		};
/* End PBXFrameworksBuildPhase section */

/* Begin PBXGroup section */
		B60AFC1E1F1E83260037A976 = {
			isa = PBXGroup;
			children = (
				B60AFC411F1E83540037A976 /* src */,
				B60AFC281F1E83260037A976 /* Products */,
			);
			sourceTree = "<group>";
		};
		B60AFC281F1E83260037A976 /* Products */ = {
			isa = PBXGroup;
			children = (
				B60AFC271F1E83260037A976 /* MIB_3D */,
			);
			name = Products;
			sourceTree = "<group>";
		};
		B60AFC311F1E83540037A976 /* data */ = {
			isa = PBXGroup;
			children = (
				B60AFC321F1E83540037A976 /* data1.txt */,
				B60AFC331F1E83540037A976 /* data2.txt */,
				B60AFC341F1E83540037A976 /* data3.txt */,
				B60AFC351F1E83540037A976 /* data4.txt */,
			);
			name = data;
			path = ../data;
			sourceTree = "<group>";
		};
		B60AFC411F1E83540037A976 /* src */ = {
			isa = PBXGroup;
			children = (
				B60AFC311F1E83540037A976 /* data */,
				B66AD72A1F214FD7004495A1 /* Diffusion Coefficient */,
				B66AD7291F214FA1004495A1 /* Surface */,
				B66AD7281F214F7E004495A1 /* Equation */,
				B60AFC661F1E83540037A976 /* main.cpp */,
				B60AFC691F1E83540037A976 /* New_Data_Type.h */,
				B60AFC491F1E83540037A976 /* Constant.h */,
				B60AFC4A1F1E83540037A976 /* Data.cpp */,
				B60AFC4B1F1E83540037A976 /* Data.h */,
				B60AFC671F1E83540037A976 /* Mesh.cpp */,
				B60AFC681F1E83540037A976 /* Mesh.h */,
				B60AFC601F1E83540037A976 /* Intersections.cpp */,
				B60AFC611F1E83540037A976 /* Intersections.h */,
				B60AFC4C1F1E83540037A976 /* Douglas_ADI.cpp */,
				B60AFC4D1F1E83540037A976 /* Douglas_ADI.h */,
				B60AFC621F1E83540037A976 /* LOD.cpp */,
				B60AFC631F1E83540037A976 /* LOD.h */,
				B66AD72B1F2150A5004495A1 /* TS.cpp */,
				B66AD72C1F2150A5004495A1 /* TS.h */,
				B60AFC421F1E83540037A976 /* Beta.h */,
				B60AFC5E1F1E83540037A976 /* Equation.cpp */,
				B60AFC5F1F1E83540037A976 /* Equation.h */,
				B60AFC6A1F1E83540037A976 /* Surface_Cartesian.cpp */,
				B60AFC6B1F1E83540037A976 /* Surface_Cartesian.h */,
				B60AFC641F1E83540037A976 /* LU.cpp */,
				B60AFC651F1E83540037A976 /* LU.h */,
			);
			path = src;
			sourceTree = "<group>";
		};
		B66AD7281F214F7E004495A1 /* Equation */ = {
			isa = PBXGroup;
			children = (
				B60AFC4E1F1E83540037A976 /* Eq_0.cpp */,
				B60AFC4F1F1E83540037A976 /* Eq_0.h */,
				B60AFC501F1E83540037A976 /* Eq_1.cpp */,
				B60AFC511F1E83540037A976 /* Eq_1.h */,
				B60AFC521F1E83540037A976 /* Eq_2.cpp */,
				B60AFC531F1E83540037A976 /* Eq_2.h */,
				B60AFC541F1E83540037A976 /* Eq_3.cpp */,
				B60AFC551F1E83540037A976 /* Eq_3.h */,
				B60AFC561F1E83540037A976 /* Eq_4.cpp */,
				B60AFC571F1E83540037A976 /* Eq_4.h */,
				B60AFC581F1E83540037A976 /* Eq_5.cpp */,
				B60AFC591F1E83540037A976 /* Eq_5.h */,
				B60AFC5A1F1E83540037A976 /* Eq_6.cpp */,
				B60AFC5B1F1E83540037A976 /* Eq_6.h */,
				B60AFC5C1F1E83540037A976 /* Eq_7.cpp */,
				B60AFC5D1F1E83540037A976 /* Eq_7.h */,
			);
			name = Equation;
			sourceTree = "<group>";
		};
		B66AD7291F214FA1004495A1 /* Surface */ = {
			isa = PBXGroup;
			children = (
				B60AFC6C1F1E83540037A976 /* Surface_Cone.cpp */,
				B60AFC6D1F1E83540037A976 /* Surface_Cone.h */,
				B60AFC6E1F1E83540037A976 /* Surface_Cube.cpp */,
				B60AFC6F1F1E83540037A976 /* Surface_Cube.h */,
				B60AFC701F1E83540037A976 /* Surface_Cylinder.cpp */,
				B60AFC711F1E83540037A976 /* Surface_Cylinder.h */,
				B60AFC721F1E83540037A976 /* Surface_Dupin_Cyclide.cpp */,
				B60AFC731F1E83540037A976 /* Surface_Dupin_Cyclide.h */,
				B60AFC741F1E83540037A976 /* Surface_Ellipsoid.cpp */,
				B60AFC751F1E83540037A976 /* Surface_Ellipsoid.h */,
				B60AFC761F1E83540037A976 /* Surface_Heart.cpp */,
				B60AFC771F1E83540037A976 /* Surface_Heart.h */,
				B60AFC781F1E83540037A976 /* Surface_Molecular.cpp */,
				B60AFC791F1E83540037A976 /* Surface_Molecular.h */,
				B60AFC7A1F1E83540037A976 /* Surface_Pile.cpp */,
				B60AFC7B1F1E83540037A976 /* Surface_Pile.h */,
				B60AFC7C1F1E83550037A976 /* Surface_Tanglecube.cpp */,
				B60AFC7D1F1E83550037A976 /* Surface_Tanglecube.h */,
				B60AFC7E1F1E83550037A976 /* Surface_Torus.cpp */,
				B60AFC7F1F1E83550037A976 /* Surface_Torus.h */,
			);
			name = Surface;
			sourceTree = "<group>";
		};
		B66AD72A1F214FD7004495A1 /* Diffusion Coefficient */ = {
			isa = PBXGroup;
			children = (
				B60AFC431F1E83540037A976 /* Beta_0.cpp */,
				B60AFC441F1E83540037A976 /* Beta_0.h */,
				B60AFC451F1E83540037A976 /* Beta_1.cpp */,
				B60AFC461F1E83540037A976 /* Beta_1.h */,
				B60AFC471F1E83540037A976 /* Beta_2.cpp */,
				B60AFC481F1E83540037A976 /* Beta_2.h */,
				B60AFC9E1F1E98270037A976 /* Beta_3.cpp */,
				B60AFC9F1F1E98270037A976 /* Beta_3.h */,
			);
			name = "Diffusion Coefficient";
			sourceTree = "<group>";
		};
/* End PBXGroup section */

/* Begin PBXNativeTarget section */
		B60AFC261F1E83260037A976 /* MIB_3D */ = {
			isa = PBXNativeTarget;
			buildConfigurationList = B60AFC2E1F1E83260037A976 /* Build configuration list for PBXNativeTarget "MIB_3D" */;
			buildPhases = (
				B60AFC231F1E83260037A976 /* Sources */,
				B60AFC241F1E83260037A976 /* Frameworks */,
				B60AFC251F1E83260037A976 /* CopyFiles */,
			);
			buildRules = (
			);
			dependencies = (
			);
			name = MIB_3D;
			productName = MIB_3D;
			productReference = B60AFC271F1E83260037A976 /* MIB_3D */;
			productType = "com.apple.product-type.tool";
		};
/* End PBXNativeTarget section */

/* Begin PBXProject section */
		B60AFC1F1F1E83260037A976 /* Project object */ = {
			isa = PBXProject;
			attributes = {
				LastUpgradeCheck = 0730;
				ORGANIZATIONNAME = Wei;
				TargetAttributes = {
					B60AFC261F1E83260037A976 = {
						CreatedOnToolsVersion = 7.3.1;
					};
				};
			};
			buildConfigurationList = B60AFC221F1E83260037A976 /* Build configuration list for PBXProject "MIB_3D" */;
			compatibilityVersion = "Xcode 3.2";
			developmentRegion = English;
			hasScannedForEncodings = 0;
			knownRegions = (
				en,
			);
			mainGroup = B60AFC1E1F1E83260037A976;
			productRefGroup = B60AFC281F1E83260037A976 /* Products */;
			projectDirPath = "";
			projectRoot = "";
			targets = (
				B60AFC261F1E83260037A976 /* MIB_3D */,
			);
		};
/* End PBXProject section */

/* Begin PBXSourcesBuildPhase section */
		B60AFC231F1E83260037A976 /* Sources */ = {
			isa = PBXSourcesBuildPhase;
			buildActionMask = 2147483647;
			files = (
				B60AFC871F1E83550037A976 /* Eq_2.cpp in Sources */,
				B60AFC971F1E83550037A976 /* Surface_Dupin_Cyclide.cpp in Sources */,
				B60AFC841F1E83550037A976 /* Douglas_ADI.cpp in Sources */,
				B60AFC821F1E83550037A976 /* Beta_2.cpp in Sources */,
				B60AFC8A1F1E83550037A976 /* Eq_5.cpp in Sources */,
				B60AFC9B1F1E83550037A976 /* Surface_Pile.cpp in Sources */,
				B60AFC901F1E83550037A976 /* LU.cpp in Sources */,
				B60AFC9C1F1E83550037A976 /* Surface_Tanglecube.cpp in Sources */,
				B60AFC8D1F1E83550037A976 /* Equation.cpp in Sources */,
				B60AFC981F1E83550037A976 /* Surface_Ellipsoid.cpp in Sources */,
				B60AFC931F1E83550037A976 /* Surface_Cartesian.cpp in Sources */,
				B60AFC891F1E83550037A976 /* Eq_4.cpp in Sources */,
				B60AFC941F1E83550037A976 /* Surface_Cone.cpp in Sources */,
				B60AFC851F1E83550037A976 /* Eq_0.cpp in Sources */,
				B60AFC8F1F1E83550037A976 /* LOD.cpp in Sources */,
				B60AFC801F1E83550037A976 /* Beta_0.cpp in Sources */,
				B60AFC811F1E83550037A976 /* Beta_1.cpp in Sources */,
				B60AFC8C1F1E83550037A976 /* Eq_7.cpp in Sources */,
				B60AFC911F1E83550037A976 /* main.cpp in Sources */,
				B60AFC9A1F1E83550037A976 /* Surface_Molecular.cpp in Sources */,
				B60AFC921F1E83550037A976 /* Mesh.cpp in Sources */,
				B60AFC9D1F1E83550037A976 /* Surface_Torus.cpp in Sources */,
				B60AFC951F1E83550037A976 /* Surface_Cube.cpp in Sources */,
				B60AFC831F1E83550037A976 /* Data.cpp in Sources */,
				B60AFCA01F1E98280037A976 /* Beta_3.cpp in Sources */,
				B60AFC8E1F1E83550037A976 /* Intersections.cpp in Sources */,
				B60AFC8B1F1E83550037A976 /* Eq_6.cpp in Sources */,
				B60AFC861F1E83550037A976 /* Eq_1.cpp in Sources */,
				B60AFC881F1E83550037A976 /* Eq_3.cpp in Sources */,
				B60AFC991F1E83550037A976 /* Surface_Heart.cpp in Sources */,
				B66AD72D1F2150A5004495A1 /* TS.cpp in Sources */,
				B60AFC961F1E83550037A976 /* Surface_Cylinder.cpp in Sources */,
			);
			runOnlyForDeploymentPostprocessing = 0;
		};
/* End PBXSourcesBuildPhase section */

/* Begin XCBuildConfiguration section */
		B60AFC2C1F1E83260037A976 /* Debug */ = {
			isa = XCBuildConfiguration;
			buildSettings = {
				ALWAYS_SEARCH_USER_PATHS = NO;
				CLANG_ANALYZER_NONNULL = YES;
				CLANG_CXX_LANGUAGE_STANDARD = "gnu++0x";
				CLANG_CXX_LIBRARY = "libc++";
				CLANG_ENABLE_MODULES = YES;
				CLANG_ENABLE_OBJC_ARC = YES;
				CLANG_WARN_BOOL_CONVERSION = YES;
				CLANG_WARN_CONSTANT_CONVERSION = YES;
				CLANG_WARN_DIRECT_OBJC_ISA_USAGE = YES_ERROR;
				CLANG_WARN_EMPTY_BODY = YES;
				CLANG_WARN_ENUM_CONVERSION = YES;
				CLANG_WARN_INT_CONVERSION = YES;
				CLANG_WARN_OBJC_ROOT_CLASS = YES_ERROR;
				CLANG_WARN_UNREACHABLE_CODE = YES;
				CLANG_WARN__DUPLICATE_METHOD_MATCH = YES;
				CODE_SIGN_IDENTITY = "-";
				COPY_PHASE_STRIP = NO;
				DEBUG_INFORMATION_FORMAT = dwarf;
				ENABLE_STRICT_OBJC_MSGSEND = YES;
				ENABLE_TESTABILITY = YES;
				GCC_C_LANGUAGE_STANDARD = gnu99;
				GCC_DYNAMIC_NO_PIC = NO;
				GCC_NO_COMMON_BLOCKS = YES;
				GCC_OPTIMIZATION_LEVEL = 0;
				GCC_PREPROCESSOR_DEFINITIONS = (
					"DEBUG=1",
					"$(inherited)",
				);
				GCC_WARN_64_TO_32_BIT_CONVERSION = YES;
				GCC_WARN_ABOUT_RETURN_TYPE = YES_ERROR;
				GCC_WARN_UNDECLARED_SELECTOR = YES;
				GCC_WARN_UNINITIALIZED_AUTOS = YES_AGGRESSIVE;
				GCC_WARN_UNUSED_FUNCTION = YES;
				GCC_WARN_UNUSED_VARIABLE = YES;
				MACOSX_DEPLOYMENT_TARGET = 10.11;
				MTL_ENABLE_DEBUG_INFO = YES;
				ONLY_ACTIVE_ARCH = YES;
				SDKROOT = macosx;
			};
			name = Debug;
		};
		B60AFC2D1F1E83260037A976 /* Release */ = {
			isa = XCBuildConfiguration;
			buildSettings = {
				ALWAYS_SEARCH_USER_PATHS = NO;
				CLANG_ANALYZER_NONNULL = YES;
				CLANG_CXX_LANGUAGE_STANDARD = "gnu++0x";
				CLANG_CXX_LIBRARY = "libc++";
				CLANG_ENABLE_MODULES = YES;
				CLANG_ENABLE_OBJC_ARC = YES;
				CLANG_WARN_BOOL_CONVERSION = YES;
				CLANG_WARN_CONSTANT_CONVERSION = YES;
				CLANG_WARN_DIRECT_OBJC_ISA_USAGE = YES_ERROR;
				CLANG_WARN_EMPTY_BODY = YES;
				CLANG_WARN_ENUM_CONVERSION = YES;
				CLANG_WARN_INT_CONVERSION = YES;
				CLANG_WARN_OBJC_ROOT_CLASS = YES_ERROR;
				CLANG_WARN_UNREACHABLE_CODE = YES;
				CLANG_WARN__DUPLICATE_METHOD_MATCH = YES;
				CODE_SIGN_IDENTITY = "-";
				COPY_PHASE_STRIP = NO;
				DEBUG_INFORMATION_FORMAT = "dwarf-with-dsym";
				ENABLE_NS_ASSERTIONS = NO;
				ENABLE_STRICT_OBJC_MSGSEND = YES;
				GCC_C_LANGUAGE_STANDARD = gnu99;
				GCC_NO_COMMON_BLOCKS = YES;
				GCC_WARN_64_TO_32_BIT_CONVERSION = YES;
				GCC_WARN_ABOUT_RETURN_TYPE = YES_ERROR;
				GCC_WARN_UNDECLARED_SELECTOR = YES;
				GCC_WARN_UNINITIALIZED_AUTOS = YES_AGGRESSIVE;
				GCC_WARN_UNUSED_FUNCTION = YES;
				GCC_WARN_UNUSED_VARIABLE = YES;
				MACOSX_DEPLOYMENT_TARGET = 10.11;
				MTL_ENABLE_DEBUG_INFO = NO;
				SDKROOT = macosx;
			};
			name = Release;
		};
		B60AFC2F1F1E83260037A976 /* Debug */ = {
			isa = XCBuildConfiguration;
			buildSettings = {
				PRODUCT_NAME = "$(TARGET_NAME)";
			};
			name = Debug;
		};
		B60AFC301F1E83260037A976 /* Release */ = {
			isa = XCBuildConfiguration;
			buildSettings = {
				PRODUCT_NAME = "$(TARGET_NAME)";
			};
			name = Release;
		};
/* End XCBuildConfiguration section */

/* Begin XCConfigurationList section */
		B60AFC221F1E83260037A976 /* Build configuration list for PBXProject "MIB_3D" */ = {
			isa = XCConfigurationList;
			buildConfigurations = (
				B60AFC2C1F1E83260037A976 /* Debug */,
				B60AFC2D1F1E83260037A976 /* Release */,
			);
			defaultConfigurationIsVisible = 0;
			defaultConfigurationName = Release;
		};
		B60AFC2E1F1E83260037A976 /* Build configuration list for PBXNativeTarget "MIB_3D" */ = {
			isa = XCConfigurationList;
			buildConfigurations = (
				B60AFC2F1F1E83260037A976 /* Debug */,
				B60AFC301F1E83260037A976 /* Release */,
			);
			defaultConfigurationIsVisible = 0;
			defaultConfigurationName = Release;
		};
/* End XCConfigurationList section */
	};
	rootObject = B60AFC1F1F1E83260037A976 /* Project object */;
}
